
Microsoft Visual Studio Solution File, Format Version 12.00
# Visual Studio Version 17
VisualStudioVersion = 17.14.36401.2 d17.14
MinimumVisualStudioVersion = 10.0.40219.1
Project("{FAE04EC0-301F-11D3-BF4B-00C04F79EFBC}") = "BookStoreApp.API", "BookStoreApp.API\BookStoreApp.API.csproj", "{8F5D02BA-2D22-49A5-85D1-FAD8BCEF73D3}"
EndProject
Global
	GlobalSection(SolutionConfigurationPlatforms) = preSolution
		Debug|Any CPU = Debug|Any CPU
		Release|Any CPU = Release|Any CPU
	EndGlobalSection
	GlobalSection(ProjectConfigurationPlatforms) = postSolution
		{8F5D02BA-2D22-49A5-85D1-FAD8BCEF73D3}.Debug|Any CPU.ActiveCfg = Debug|Any CPU
		{8F5D02BA-2D22-49A5-85D1-FAD8BCEF73D3}.Debug|Any CPU.Build.0 = Debug|Any CPU
		{8F5D02BA-2D22-49A5-85D1-FAD8BCEF73D3}.Release|Any CPU.ActiveCfg = Release|Any CPU
		{8F5D02BA-2D22-49A5-85D1-FAD8BCEF73D3}.Release|Any CPU.Build.0 = Release|Any CPU
	EndGlobalSection
	GlobalSection(SolutionProperties) = preSolution
		HideSolutionNode = FALSE
	EndGlobalSection
	GlobalSection(ExtensibilityGlobals) = postSolution
		SolutionGuid = {E0B30DF0-2EA3-4CB8-94EE-5CCD6878C69E}
	EndGlobalSection
EndGlobal
